Microsoft Visual Studio Solution File, Format Version 11.00
# Visual Studio 2008

Project("{7DB03526-0081-793E-5603-AA26C2896B93}") = "My FPS", "Assembly-CSharp.csproj", "{C03BC50C-96D1-2CDC-D137-0D178BC5E910}"
EndProject
Global
	GlobalSection(SolutionConfigurationPlatforms) = preSolution
		Debug|Any CPU = Debug|Any CPU
		Release|Any CPU = Release|Any CPU
	EndGlobalSection
	GlobalSection(ProjectConfigurationPlatforms) = postSolution
		{C03BC50C-96D1-2CDC-D137-0D178BC5E910}.Debug|Any CPU.ActiveCfg = Debug|Any CPU
		{C03BC50C-96D1-2CDC-D137-0D178BC5E910}.Debug|Any CPU.Build.0 = Debug|Any CPU
		{C03BC50C-96D1-2CDC-D137-0D178BC5E910}.Release|Any CPU.ActiveCfg = Release|Any CPU
		{C03BC50C-96D1-2CDC-D137-0D178BC5E910}.Release|Any CPU.Build.0 = Release|Any CPU
	EndGlobalSection
	GlobalSection(SolutionProperties) = preSolution
		HideSolutionNode = FALSE
	EndGlobalSection
	GlobalSection(MonoDevelopProperties) = preSolution
		StartupItem = Assembly-CSharp.csproj
	EndGlobalSection
EndGlobal
